
Microsoft Visual Studio Solution File, Format Version 12.00
# Visual Studio Version 17
VisualStudioVersion = 17.9.34321.82
MinimumVisualStudioVersion = 10.0.40219.1
Project("{9A19103F-16F7-4668-BE54-9A1E7A4F7556}") = "SRChat.Server", "SRChat.Server\SRChat.Server.csproj", "{C4FA9FAB-9CD0-4102-B9EB-FA1509C0482F}"
EndProject
Project("{FAE04EC0-301F-11D3-BF4B-00C04F79EFBC}") = "SRChat.Client", "SRChat.Client\SRChat.Client.csproj", "{8C6BF02F-65C1-4F75-980B-F75D474DA85C}"
EndProject
Global
	GlobalSection(SolutionConfigurationPlatforms) = preSolution
		Debug|Any CPU = Debug|Any CPU
		Release|Any CPU = Release|Any CPU
	EndGlobalSection
	GlobalSection(ProjectConfigurationPlatforms) = postSolution
		{C4FA9FAB-9CD0-4102-B9EB-FA1509C0482F}.Debug|Any CPU.ActiveCfg = Debug|Any CPU
		{C4FA9FAB-9CD0-4102-B9EB-FA1509C0482F}.Debug|Any CPU.Build.0 = Debug|Any CPU
		{C4FA9FAB-9CD0-4102-B9EB-FA1509C0482F}.Release|Any CPU.ActiveCfg = Release|Any CPU
		{C4FA9FAB-9CD0-4102-B9EB-FA1509C0482F}.Release|Any CPU.Build.0 = Release|Any CPU
		{8C6BF02F-65C1-4F75-980B-F75D474DA85C}.Debug|Any CPU.ActiveCfg = Debug|Any CPU
		{8C6BF02F-65C1-4F75-980B-F75D474DA85C}.Debug|Any CPU.Build.0 = Debug|Any CPU
		{8C6BF02F-65C1-4F75-980B-F75D474DA85C}.Debug|Any CPU.Deploy.0 = Debug|Any CPU
		{8C6BF02F-65C1-4F75-980B-F75D474DA85C}.Release|Any CPU.ActiveCfg = Release|Any CPU
		{8C6BF02F-65C1-4F75-980B-F75D474DA85C}.Release|Any CPU.Build.0 = Release|Any CPU
		{8C6BF02F-65C1-4F75-980B-F75D474DA85C}.Release|Any CPU.Deploy.0 = Release|Any CPU
	EndGlobalSection
	GlobalSection(SolutionProperties) = preSolution
		HideSolutionNode = FALSE
	EndGlobalSection
	GlobalSection(ExtensibilityGlobals) = postSolution
		SolutionGuid = {D2E00D6A-30F9-4744-A510-4B7F91353185}
	EndGlobalSection
EndGlobal
